
Microsoft Visual Studio Solution File, Format Version 12.00
# Visual Studio Version 17
VisualStudioVersion = 17.2.32526.322
MinimumVisualStudioVersion = 10.0.40219.1
Project("{9A19103F-16F7-4668-BE54-9A1E7A4F7556}") = "Calculator", "Calculator\Calculator.csproj", "{9BDF58D3-DC58-4BFB-997A-306BA0F22868}"
EndProject
Project("{9A19103F-16F7-4668-BE54-9A1E7A4F7556}") = "Calculator.Test", "Calculator.Test\Calculator.Test.csproj", "{19451871-B4DB-4BE3-BA37-36ADE46F47B6}"
EndProject
Project("{FAE04EC0-301F-11D3-BF4B-00C04F79EFBC}") = "WebApplication1", "WebApplication1\WebApplication1.csproj", "{89778FF4-CB70-4554-804F-5106C10C84BC}"
EndProject
Global
	GlobalSection(SolutionConfigurationPlatforms) = preSolution
		Debug|Any CPU = Debug|Any CPU
		Release|Any CPU = Release|Any CPU
	EndGlobalSection
	GlobalSection(ProjectConfigurationPlatforms) = postSolution
		{9BDF58D3-DC58-4BFB-997A-306BA0F22868}.Debug|Any CPU.ActiveCfg = Debug|Any CPU
		{9BDF58D3-DC58-4BFB-997A-306BA0F22868}.Debug|Any CPU.Build.0 = Debug|Any CPU
		{9BDF58D3-DC58-4BFB-997A-306BA0F22868}.Release|Any CPU.ActiveCfg = Release|Any CPU
		{9BDF58D3-DC58-4BFB-997A-306BA0F22868}.Release|Any CPU.Build.0 = Release|Any CPU
		{19451871-B4DB-4BE3-BA37-36ADE46F47B6}.Debug|Any CPU.ActiveCfg = Debug|Any CPU
		{19451871-B4DB-4BE3-BA37-36ADE46F47B6}.Debug|Any CPU.Build.0 = Debug|Any CPU
		{19451871-B4DB-4BE3-BA37-36ADE46F47B6}.Release|Any CPU.ActiveCfg = Release|Any CPU
		{19451871-B4DB-4BE3-BA37-36ADE46F47B6}.Release|Any CPU.Build.0 = Release|Any CPU
		{89778FF4-CB70-4554-804F-5106C10C84BC}.Debug|Any CPU.ActiveCfg = Debug|Any CPU
		{89778FF4-CB70-4554-804F-5106C10C84BC}.Debug|Any CPU.Build.0 = Debug|Any CPU
		{89778FF4-CB70-4554-804F-5106C10C84BC}.Release|Any CPU.ActiveCfg = Release|Any CPU
		{89778FF4-CB70-4554-804F-5106C10C84BC}.Release|Any CPU.Build.0 = Release|Any CPU
	EndGlobalSection
	GlobalSection(SolutionProperties) = preSolution
		HideSolutionNode = FALSE
	EndGlobalSection
	GlobalSection(ExtensibilityGlobals) = postSolution
		SolutionGuid = {016B9D0F-E4CC-451A-B6FF-7EE327313190}
	EndGlobalSection
EndGlobal
